
Microsoft Visual Studio Solution File, Format Version 12.00
# Visual Studio 15
VisualStudioVersion = 15.0.28010.2041
MinimumVisualStudioVersion = 10.0.40219.1
Project("{FAE04EC0-301F-11D3-BF4B-00C04F79EFBC}") = "WebTransportCompany", "WebTransportCompany\WebTransportCompany.csproj", "{B50E49E5-7C95-4C3E-8143-6371183ACA32}"
EndProject
Global
	GlobalSection(SolutionConfigurationPlatforms) = preSolution
		Debug|Any CPU = Debug|Any CPU
		Release|Any CPU = Release|Any CPU
	EndGlobalSection
	GlobalSection(ProjectConfigurationPlatforms) = postSolution
		{B50E49E5-7C95-4C3E-8143-6371183ACA32}.Debug|Any CPU.ActiveCfg = Debug|Any CPU
		{B50E49E5-7C95-4C3E-8143-6371183ACA32}.Debug|Any CPU.Build.0 = Debug|Any CPU
		{B50E49E5-7C95-4C3E-8143-6371183ACA32}.Release|Any CPU.ActiveCfg = Release|Any CPU
		{B50E49E5-7C95-4C3E-8143-6371183ACA32}.Release|Any CPU.Build.0 = Release|Any CPU
	EndGlobalSection
	GlobalSection(SolutionProperties) = preSolution
		HideSolutionNode = FALSE
	EndGlobalSection
	GlobalSection(ExtensibilityGlobals) = postSolution
		SolutionGuid = {DDA846F3-0D3C-4DCE-9E42-929442FC5937}
	EndGlobalSection
EndGlobal
